
Microsoft Visual Studio Solution File, Format Version 12.00
# Visual Studio Version 17
VisualStudioVersion = 17.4.33103.184
MinimumVisualStudioVersion = 10.0.40219.1
Project("{FAE04EC0-301F-11D3-BF4B-00C04F79EFBC}") = "senai.inlock.webApi.", "..\senai.inlock.webApi\senai.inlock.webApi\senai.inlock.webApi..csproj", "{D0F3016F-6C7E-40E8-8355-B6E8E50A08BC}"
EndProject
Global
	GlobalSection(SolutionConfigurationPlatforms) = preSolution
		Debug|Any CPU = Debug|Any CPU
		Release|Any CPU = Release|Any CPU
	EndGlobalSection
	GlobalSection(ProjectConfigurationPlatforms) = postSolution
		{D0F3016F-6C7E-40E8-8355-B6E8E50A08BC}.Debug|Any CPU.ActiveCfg = Debug|Any CPU
		{D0F3016F-6C7E-40E8-8355-B6E8E50A08BC}.Debug|Any CPU.Build.0 = Debug|Any CPU
		{D0F3016F-6C7E-40E8-8355-B6E8E50A08BC}.Release|Any CPU.ActiveCfg = Release|Any CPU
		{D0F3016F-6C7E-40E8-8355-B6E8E50A08BC}.Release|Any CPU.Build.0 = Release|Any CPU
	EndGlobalSection
	GlobalSection(SolutionProperties) = preSolution
		HideSolutionNode = FALSE
	EndGlobalSection
	GlobalSection(ExtensibilityGlobals) = postSolution
		SolutionGuid = {EC38CB68-44A2-469B-920F-F6E1598D5D7A}
	EndGlobalSection
EndGlobal
